{
  "originHash" : "ff00f7af4dd4192a1137477f45308958bc96ce39d7d1e58dc9267fdd3dc0e395",
  "pins" : [
    {
      "identity" : "auth0.swift",
      "kind" : "remoteSourceControl",
      "location" : "https://github.com/auth0/Auth0.swift",
      "state" : {
        "revision" : "0d9c3f3241e3defad065409ac3a071ee1c5a7e8a",
        "version" : "2.9.0"
      }
    },
    {
      "identity" : "convex-swift",
      "kind" : "remoteSourceControl",
      "location" : "https://github.com/dowski/convex-swift",
      "state" : {
        "revision" : "fb1387f87f41c4ec3ac77f40aadae3208c7187c4",
        "version" : "0.2.0"
      }
    },
    {
      "identity" : "jwtdecode.swift",
      "kind" : "remoteSourceControl",
      "location" : "https://github.com/auth0/JWTDecode.swift.git",
      "state" : {
        "revision" : "1e153ef009969543191970c66b7c60163c0b4a65",
        "version" : "3.2.0"
      }
    },
    {
      "identity" : "simplekeychain",
      "kind" : "remoteSourceControl",
      "location" : "https://github.com/auth0/SimpleKeychain.git",
      "state" : {
        "revision" : "b694f155907b189bc82e93586695a26f558c742f",
        "version" : "1.2.0"
      }
    }
  ],
  "version" : 3
}
